
Microsoft Visual Studio Solution File, Format Version 12.00
# Visual Studio Version 17
VisualStudioVersion = 17.3.32611.2
MinimumVisualStudioVersion = 10.0.40219.1
Project("{9A19103F-16F7-4668-BE54-9A1E7A4F7556}") = "DaprWebApp", "DaprWebApp\DaprWebApp.csproj", "{E2A7D5C4-4E0F-4AF0-AC1A-B8043697B46D}"
EndProject
Project("{9A19103F-16F7-4668-BE54-9A1E7A4F7556}") = "DaprRestApi", "DaprRestApi\DaprRestApi.csproj", "{01C1102E-8A27-498D-9598-2111C414C0E4}"
EndProject
Project("{E53339B2-1760-4266-BCC7-CA923CBCF16C}") = "docker-compose", "docker-compose.dcproj", "{EE7A244E-5BDD-4B26-8E0C-BF06EEDB8842}"
EndProject
Global
	GlobalSection(SolutionConfigurationPlatforms) = preSolution
		Debug|Any CPU = Debug|Any CPU
		Release|Any CPU = Release|Any CPU
	EndGlobalSection
	GlobalSection(ProjectConfigurationPlatforms) = postSolution
		{E2A7D5C4-4E0F-4AF0-AC1A-B8043697B46D}.Debug|Any CPU.ActiveCfg = Debug|Any CPU
		{E2A7D5C4-4E0F-4AF0-AC1A-B8043697B46D}.Debug|Any CPU.Build.0 = Debug|Any CPU
		{E2A7D5C4-4E0F-4AF0-AC1A-B8043697B46D}.Release|Any CPU.ActiveCfg = Release|Any CPU
		{E2A7D5C4-4E0F-4AF0-AC1A-B8043697B46D}.Release|Any CPU.Build.0 = Release|Any CPU
		{01C1102E-8A27-498D-9598-2111C414C0E4}.Debug|Any CPU.ActiveCfg = Debug|Any CPU
		{01C1102E-8A27-498D-9598-2111C414C0E4}.Debug|Any CPU.Build.0 = Debug|Any CPU
		{01C1102E-8A27-498D-9598-2111C414C0E4}.Release|Any CPU.ActiveCfg = Release|Any CPU
		{01C1102E-8A27-498D-9598-2111C414C0E4}.Release|Any CPU.Build.0 = Release|Any CPU
		{EE7A244E-5BDD-4B26-8E0C-BF06EEDB8842}.Debug|Any CPU.ActiveCfg = Debug|Any CPU
		{EE7A244E-5BDD-4B26-8E0C-BF06EEDB8842}.Debug|Any CPU.Build.0 = Debug|Any CPU
		{EE7A244E-5BDD-4B26-8E0C-BF06EEDB8842}.Release|Any CPU.ActiveCfg = Release|Any CPU
		{EE7A244E-5BDD-4B26-8E0C-BF06EEDB8842}.Release|Any CPU.Build.0 = Release|Any CPU
	EndGlobalSection
	GlobalSection(SolutionProperties) = preSolution
		HideSolutionNode = FALSE
	EndGlobalSection
	GlobalSection(ExtensibilityGlobals) = postSolution
		SolutionGuid = {9F9239B2-06EF-439F-B38B-0D38BF75F5CA}
	EndGlobalSection
EndGlobal
